
Microsoft Visual Studio Solution File, Format Version 12.00
# Visual Studio Version 16
VisualStudioVersion = 16.0.29613.14
MinimumVisualStudioVersion = 10.0.40219.1
Project("{FAE04EC0-301F-11D3-BF4B-00C04F79EFBC}") = "SalsaaWeb", "SalsaaWeb.csproj", "{5A7860AC-6A20-4D02-A092-5AD26C9F2112}"
EndProject
Global
	GlobalSection(SolutionConfigurationPlatforms) = preSolution
		Debug|Any CPU = Debug|Any CPU
		Release|Any CPU = Release|Any CPU
	EndGlobalSection
	GlobalSection(ProjectConfigurationPlatforms) = postSolution
		{5A7860AC-6A20-4D02-A092-5AD26C9F2112}.Debug|Any CPU.ActiveCfg = Debug|Any CPU
		{5A7860AC-6A20-4D02-A092-5AD26C9F2112}.Debug|Any CPU.Build.0 = Debug|Any CPU
		{5A7860AC-6A20-4D02-A092-5AD26C9F2112}.Release|Any CPU.ActiveCfg = Release|Any CPU
		{5A7860AC-6A20-4D02-A092-5AD26C9F2112}.Release|Any CPU.Build.0 = Release|Any CPU
	EndGlobalSection
	GlobalSection(SolutionProperties) = preSolution
		HideSolutionNode = FALSE
	EndGlobalSection
	GlobalSection(ExtensibilityGlobals) = postSolution
		SolutionGuid = {F44AA73B-ADEB-49A5-969E-FDAE83518077}
	EndGlobalSection
EndGlobal
